
Microsoft Visual Studio Solution File, Format Version 12.00
# Visual Studio Version 16
VisualStudioVersion = 16.0.32510.428
MinimumVisualStudioVersion = 10.0.40219.1
Project("{9092AA53-FB77-4645-B42D-1CCCA6BD08BD}") = "VuejsMoreSegment", "VuejsMoreSegment.njsproj", "{ECDC09E1-590F-4FF1-B27E-6C488CD10AC3}"
EndProject
Global
	GlobalSection(SolutionConfigurationPlatforms) = preSolution
		Debug|Any CPU = Debug|Any CPU
		Release|Any CPU = Release|Any CPU
	EndGlobalSection
	GlobalSection(ProjectConfigurationPlatforms) = postSolution
		{ECDC09E1-590F-4FF1-B27E-6C488CD10AC3}.Debug|Any CPU.ActiveCfg = Release|Any CPU
		{ECDC09E1-590F-4FF1-B27E-6C488CD10AC3}.Debug|Any CPU.Build.0 = Release|Any CPU
		{ECDC09E1-590F-4FF1-B27E-6C488CD10AC3}.Release|Any CPU.ActiveCfg = Release|Any CPU
		{ECDC09E1-590F-4FF1-B27E-6C488CD10AC3}.Release|Any CPU.Build.0 = Release|Any CPU
	EndGlobalSection
	GlobalSection(SolutionProperties) = preSolution
		HideSolutionNode = FALSE
	EndGlobalSection
	GlobalSection(ExtensibilityGlobals) = postSolution
		SolutionGuid = {A864DB95-BA00-4144-8CF9-FD0726B4DA19}
	EndGlobalSection
EndGlobal
